// !$*UTF8*$!
{
	archiveVersion = 1;
	classes = {
	};
	objectVersion = 48;
	objects = {

/* Begin PBXBuildFile section */
		CF64F07B1FEEFD5400E46679 /* Result.swift in Sources */ = {isa = PBXBuildFile; fileRef = CF64F07A1FEEFD5400E46679 /* Result.swift */; };
		CF64F0801FEF073800E46679 /* CountryListCellViewModel.swift in Sources */ = {isa = PBXBuildFile; fileRef = CF64F07F1FEF073800E46679 /* CountryListCellViewModel.swift */; };
		CF64F0831FEF083400E46679 /* CountryListCell.swift in Sources */ = {isa = PBXBuildFile; fileRef = CF64F0821FEF083400E46679 /* CountryListCell.swift */; };
		CF64F0861FEF0F4100E46679 /* CountryRepository.swift in Sources */ = {isa = PBXBuildFile; fileRef = CF64F0851FEF0F4100E46679 /* CountryRepository.swift */; };
		CF64F0881FEF191800E46679 /* CountryListViewModel.swift in Sources */ = {isa = PBXBuildFile; fileRef = CF64F0871FEF191800E46679 /* CountryListViewModel.swift */; };
		CF64F08B1FEF243A00E46679 /* UIView+LayoutGuide.swift in Sources */ = {isa = PBXBuildFile; fileRef = CF64F08A1FEF243A00E46679 /* UIView+LayoutGuide.swift */; };
		CF8D8EBF1FEEFBD3006A85B2 /* CountryListApiService.swift in Sources */ = {isa = PBXBuildFile; fileRef = CF8D8EBE1FEEFBD3006A85B2 /* CountryListApiService.swift */; };
		CF8D8EC21FEEFC1D006A85B2 /* Country.swift in Sources */ = {isa = PBXBuildFile; fileRef = CF8D8EC11FEEFC1D006A85B2 /* Country.swift */; };
		CF9B7E7F1FEEF33C008DDA2A /* AppDelegate.swift in Sources */ = {isa = PBXBuildFile; fileRef = CF9B7E7E1FEEF33C008DDA2A /* AppDelegate.swift */; };
		CF9B7E861FEEF33C008DDA2A /* Assets.xcassets in Resources */ = {isa = PBXBuildFile; fileRef = CF9B7E851FEEF33C008DDA2A /* Assets.xcassets */; };
		CF9B7E891FEEF33C008DDA2A /* LaunchScreen.storyboard in Resources */ = {isa = PBXBuildFile; fileRef = CF9B7E871FEEF33C008DDA2A /* LaunchScreen.storyboard */; };
		CF9B7E9A1FEEF60C008DDA2A /* CountryListViewController.swift in Sources */ = {isa = PBXBuildFile; fileRef = CF9B7E991FEEF60C008DDA2A /* CountryListViewController.swift */; };
		CF9B7E9C1FEEF78F008DDA2A /* CountryListInteractor.swift in Sources */ = {isa = PBXBuildFile; fileRef = CF9B7E9B1FEEF78F008DDA2A /* CountryListInteractor.swift */; };
		CF9B7E9E1FEEF7C4008DDA2A /* CountryListPresenter.swift in Sources */ = {isa = PBXBuildFile; fileRef = CF9B7E9D1FEEF7C4008DDA2A /* CountryListPresenter.swift */; };
		CF9B7EA01FEEF9EC008DDA2A /* CountryListAssembly.swift in Sources */ = {isa = PBXBuildFile; fileRef = CF9B7E9F1FEEF9EC008DDA2A /* CountryListAssembly.swift */; };
/* End PBXBuildFile section */

/* Begin PBXFileReference section */
		CF64F07A1FEEFD5400E46679 /* Result.swift */ = {isa = PBXFileReference; lastKnownFileType = sourcecode.swift; path = Result.swift; sourceTree = "<group>"; };
		CF64F07F1FEF073800E46679 /* CountryListCellViewModel.swift */ = {isa = PBXFileReference; lastKnownFileType = sourcecode.swift; path = CountryListCellViewModel.swift; sourceTree = "<group>"; };
		CF64F0821FEF083400E46679 /* CountryListCell.swift */ = {isa = PBXFileReference; lastKnownFileType = sourcecode.swift; path = CountryListCell.swift; sourceTree = "<group>"; };
		CF64F0851FEF0F4100E46679 /* CountryRepository.swift */ = {isa = PBXFileReference; lastKnownFileType = sourcecode.swift; path = CountryRepository.swift; sourceTree = "<group>"; };
		CF64F0871FEF191800E46679 /* CountryListViewModel.swift */ = {isa = PBXFileReference; lastKnownFileType = sourcecode.swift; path = CountryListViewModel.swift; sourceTree = "<group>"; };
		CF64F08A1FEF243A00E46679 /* UIView+LayoutGuide.swift */ = {isa = PBXFileReference; lastKnownFileType = sourcecode.swift; path = "UIView+LayoutGuide.swift"; sourceTree = "<group>"; };
		CF8D8EBE1FEEFBD3006A85B2 /* CountryListApiService.swift */ = {isa = PBXFileReference; lastKnownFileType = sourcecode.swift; path = CountryListApiService.swift; sourceTree = "<group>"; };
		CF8D8EC11FEEFC1D006A85B2 /* Country.swift */ = {isa = PBXFileReference; lastKnownFileType = sourcecode.swift; path = Country.swift; sourceTree = "<group>"; };
		CF9B7E7B1FEEF33C008DDA2A /* Countries.app */ = {isa = PBXFileReference; explicitFileType = wrapper.application; includeInIndex = 0; path = Countries.app; sourceTree = BUILT_PRODUCTS_DIR; };
		CF9B7E7E1FEEF33C008DDA2A /* AppDelegate.swift */ = {isa = PBXFileReference; lastKnownFileType = sourcecode.swift; path = AppDelegate.swift; sourceTree = "<group>"; };
		CF9B7E851FEEF33C008DDA2A /* Assets.xcassets */ = {isa = PBXFileReference; lastKnownFileType = folder.assetcatalog; path = Assets.xcassets; sourceTree = "<group>"; };
		CF9B7E881FEEF33C008DDA2A /* Base */ = {isa = PBXFileReference; lastKnownFileType = file.storyboard; name = Base; path = Base.lproj/LaunchScreen.storyboard; sourceTree = "<group>"; };
		CF9B7E8A1FEEF33C008DDA2A /* Info.plist */ = {isa = PBXFileReference; lastKnownFileType = text.plist.xml; path = Info.plist; sourceTree = "<group>"; };
		CF9B7E991FEEF60C008DDA2A /* CountryListViewController.swift */ = {isa = PBXFileReference; lastKnownFileType = sourcecode.swift; path = CountryListViewController.swift; sourceTree = "<group>"; };
		CF9B7E9B1FEEF78F008DDA2A /* CountryListInteractor.swift */ = {isa = PBXFileReference; lastKnownFileType = sourcecode.swift; path = CountryListInteractor.swift; sourceTree = "<group>"; };
		CF9B7E9D1FEEF7C4008DDA2A /* CountryListPresenter.swift */ = {isa = PBXFileReference; lastKnownFileType = sourcecode.swift; path = CountryListPresenter.swift; sourceTree = "<group>"; };
		CF9B7E9F1FEEF9EC008DDA2A /* CountryListAssembly.swift */ = {isa = PBXFileReference; lastKnownFileType = sourcecode.swift; path = CountryListAssembly.swift; sourceTree = "<group>"; };
/* End PBXFileReference section */

/* Begin PBXFrameworksBuildPhase section */
		CF9B7E781FEEF33C008DDA2A /* Frameworks */ = {
			isa = PBXFrameworksBuildPhase;
			buildActionMask = 2147483647;
			files = (
			);
			runOnlyForDeploymentPostprocessing = 0;
		};
/* End PBXFrameworksBuildPhase section */

/* Begin PBXGroup section */
		CF64F07E1FEF072800E46679 /* ViewModel */ = {
			isa = PBXGroup;
			children = (
				CF64F07F1FEF073800E46679 /* CountryListCellViewModel.swift */,
				CF64F0871FEF191800E46679 /* CountryListViewModel.swift */,
			);
			path = ViewModel;
			sourceTree = "<group>";
		};
		CF64F0811FEF081B00E46679 /* Cell */ = {
			isa = PBXGroup;
			children = (
				CF64F0821FEF083400E46679 /* CountryListCell.swift */,
			);
			path = Cell;
			sourceTree = "<group>";
		};
		CF64F0841FEF0F2000E46679 /* CountryRepository */ = {
			isa = PBXGroup;
			children = (
				CF64F0851FEF0F4100E46679 /* CountryRepository.swift */,
			);
			path = CountryRepository;
			sourceTree = "<group>";
		};
		CF64F0891FEF242400E46679 /* Extensions */ = {
			isa = PBXGroup;
			children = (
				CF64F08A1FEF243A00E46679 /* UIView+LayoutGuide.swift */,
			);
			path = Extensions;
			sourceTree = "<group>";
		};
		CF8D8EBD1FEEFBB0006A85B2 /* CountryApi */ = {
			isa = PBXGroup;
			children = (
				CF8D8EBE1FEEFBD3006A85B2 /* CountryListApiService.swift */,
			);
			path = CountryApi;
			sourceTree = "<group>";
		};
		CF8D8EC01FEEFC0D006A85B2 /* Models */ = {
			isa = PBXGroup;
			children = (
				CF8D8EC11FEEFC1D006A85B2 /* Country.swift */,
				CF64F07A1FEEFD5400E46679 /* Result.swift */,
			);
			path = Models;
			sourceTree = "<group>";
		};
		CF9B7E721FEEF33C008DDA2A = {
			isa = PBXGroup;
			children = (
				CF9B7E7D1FEEF33C008DDA2A /* Countries */,
				CF9B7E7C1FEEF33C008DDA2A /* Products */,
			);
			sourceTree = "<group>";
		};
		CF9B7E7C1FEEF33C008DDA2A /* Products */ = {
			isa = PBXGroup;
			children = (
				CF9B7E7B1FEEF33C008DDA2A /* Countries.app */,
			);
			name = Products;
			sourceTree = "<group>";
		};
		CF9B7E7D1FEEF33C008DDA2A /* Countries */ = {
			isa = PBXGroup;
			children = (
				CF9B7E7E1FEEF33C008DDA2A /* AppDelegate.swift */,
				CF64F0891FEF242400E46679 /* Extensions */,
				CF8D8EC01FEEFC0D006A85B2 /* Models */,
				CF9B7E951FEEF3EC008DDA2A /* Services */,
				CF9B7E941FEEF3E5008DDA2A /* Modules */,
				CF9B7E851FEEF33C008DDA2A /* Assets.xcassets */,
				CF9B7E871FEEF33C008DDA2A /* LaunchScreen.storyboard */,
				CF9B7E8A1FEEF33C008DDA2A /* Info.plist */,
			);
			path = Countries;
			sourceTree = "<group>";
		};
		CF9B7E901FEEF3AF008DDA2A /* CountryListModule */ = {
			isa = PBXGroup;
			children = (
				CF9B7E9F1FEEF9EC008DDA2A /* CountryListAssembly.swift */,
				CF9B7E981FEEF466008DDA2A /* Interactor */,
				CF9B7E971FEEF45F008DDA2A /* Presenter */,
				CF9B7E961FEEF453008DDA2A /* View */,
			);
			path = CountryListModule;
			sourceTree = "<group>";
		};
		CF9B7E941FEEF3E5008DDA2A /* Modules */ = {
			isa = PBXGroup;
			children = (
				CF9B7E901FEEF3AF008DDA2A /* CountryListModule */,
			);
			path = Modules;
			sourceTree = "<group>";
		};
		CF9B7E951FEEF3EC008DDA2A /* Services */ = {
			isa = PBXGroup;
			children = (
				CF64F0841FEF0F2000E46679 /* CountryRepository */,
				CF8D8EBD1FEEFBB0006A85B2 /* CountryApi */,
			);
			path = Services;
			sourceTree = "<group>";
		};
		CF9B7E961FEEF453008DDA2A /* View */ = {
			isa = PBXGroup;
			children = (
				CF64F0811FEF081B00E46679 /* Cell */,
				CF64F07E1FEF072800E46679 /* ViewModel */,
				CF9B7E991FEEF60C008DDA2A /* CountryListViewController.swift */,
			);
			path = View;
			sourceTree = "<group>";
		};
		CF9B7E971FEEF45F008DDA2A /* Presenter */ = {
			isa = PBXGroup;
			children = (
				CF9B7E9D1FEEF7C4008DDA2A /* CountryListPresenter.swift */,
			);
			path = Presenter;
			sourceTree = "<group>";
		};
		CF9B7E981FEEF466008DDA2A /* Interactor */ = {
			isa = PBXGroup;
			children = (
				CF9B7E9B1FEEF78F008DDA2A /* CountryListInteractor.swift */,
			);
			path = Interactor;
			sourceTree = "<group>";
		};
/* End PBXGroup section */

/* Begin PBXNativeTarget section */
		CF9B7E7A1FEEF33C008DDA2A /* Countries */ = {
			isa = PBXNativeTarget;
			buildConfigurationList = CF9B7E8D1FEEF33C008DDA2A /* Build configuration list for PBXNativeTarget "Countries" */;
			buildPhases = (
				CF9B7E771FEEF33C008DDA2A /* Sources */,
				CF9B7E781FEEF33C008DDA2A /* Frameworks */,
				CF9B7E791FEEF33C008DDA2A /* Resources */,
				CF64F08D1FEF2A3B00E46679 /* Reveal */,
			);
			buildRules = (
			);
			dependencies = (
			);
			name = Countries;
			productName = Countries;
			productReference = CF9B7E7B1FEEF33C008DDA2A /* Countries.app */;
			productType = "com.apple.product-type.application";
		};
/* End PBXNativeTarget section */

/* Begin PBXProject section */
		CF9B7E731FEEF33C008DDA2A /* Project object */ = {
			isa = PBXProject;
			attributes = {
				LastSwiftUpdateCheck = 0920;
				LastUpgradeCheck = 0920;
				ORGANIZATIONNAME = "Eli Ponkratenko";
				TargetAttributes = {
					CF9B7E7A1FEEF33C008DDA2A = {
						CreatedOnToolsVersion = 9.2;
						ProvisioningStyle = Automatic;
					};
				};
			};
			buildConfigurationList = CF9B7E761FEEF33C008DDA2A /* Build configuration list for PBXProject "Countries" */;
			compatibilityVersion = "Xcode 8.0";
			developmentRegion = en;
			hasScannedForEncodings = 0;
			knownRegions = (
				en,
				Base,
			);
			mainGroup = CF9B7E721FEEF33C008DDA2A;
			productRefGroup = CF9B7E7C1FEEF33C008DDA2A /* Products */;
			projectDirPath = "";
			projectRoot = "";
			targets = (
				CF9B7E7A1FEEF33C008DDA2A /* Countries */,
			);
		};
/* End PBXProject section */

/* Begin PBXResourcesBuildPhase section */
		CF9B7E791FEEF33C008DDA2A /* Resources */ = {
			isa = PBXResourcesBuildPhase;
			buildActionMask = 2147483647;
			files = (
				CF9B7E891FEEF33C008DDA2A /* LaunchScreen.storyboard in Resources */,
				CF9B7E861FEEF33C008DDA2A /* Assets.xcassets in Resources */,
			);
			runOnlyForDeploymentPostprocessing = 0;
		};
/* End PBXResourcesBuildPhase section */

/* Begin PBXShellScriptBuildPhase section */
		CF64F08D1FEF2A3B00E46679 /* Reveal */ = {
			isa = PBXShellScriptBuildPhase;
			buildActionMask = 2147483647;
			files = (
			);
			inputPaths = (
			);
			name = Reveal;
			outputPaths = (
			);
			runOnlyForDeploymentPostprocessing = 0;
			shellPath = /bin/sh;
			shellScript = "REVEAL_APP_PATH=$(mdfind kMDItemCFBundleIdentifier=\"com.ittybittyapps.Reveal2\" | head -n 1)\nBUILD_SCRIPT_PATH=\"${REVEAL_APP_PATH}/Contents/SharedSupport/Scripts/reveal_server_build_phase.sh\"\nif [ \"${REVEAL_APP_PATH}\" -a -e \"${BUILD_SCRIPT_PATH}\" ]; then\n\"${BUILD_SCRIPT_PATH}\"\nelse\necho \"Reveal Server not loaded: Cannot find a compatible Reveal app.\"\nfi";
		};
/* End PBXShellScriptBuildPhase section */

/* Begin PBXSourcesBuildPhase section */
		CF9B7E771FEEF33C008DDA2A /* Sources */ = {
			isa = PBXSourcesBuildPhase;
			buildActionMask = 2147483647;
			files = (
				CF8D8EC21FEEFC1D006A85B2 /* Country.swift in Sources */,
				CF64F08B1FEF243A00E46679 /* UIView+LayoutGuide.swift in Sources */,
				CF9B7E7F1FEEF33C008DDA2A /* AppDelegate.swift in Sources */,
				CF9B7E9E1FEEF7C4008DDA2A /* CountryListPresenter.swift in Sources */,
				CF64F0801FEF073800E46679 /* CountryListCellViewModel.swift in Sources */,
				CF9B7EA01FEEF9EC008DDA2A /* CountryListAssembly.swift in Sources */,
				CF9B7E9C1FEEF78F008DDA2A /* CountryListInteractor.swift in Sources */,
				CF64F0831FEF083400E46679 /* CountryListCell.swift in Sources */,
				CF9B7E9A1FEEF60C008DDA2A /* CountryListViewController.swift in Sources */,
				CF64F07B1FEEFD5400E46679 /* Result.swift in Sources */,
				CF64F0881FEF191800E46679 /* CountryListViewModel.swift in Sources */,
				CF8D8EBF1FEEFBD3006A85B2 /* CountryListApiService.swift in Sources */,
				CF64F0861FEF0F4100E46679 /* CountryRepository.swift in Sources */,
			);
			runOnlyForDeploymentPostprocessing = 0;
		};
/* End PBXSourcesBuildPhase section */

/* Begin PBXVariantGroup section */
		CF9B7E871FEEF33C008DDA2A /* LaunchScreen.storyboard */ = {
			isa = PBXVariantGroup;
			children = (
				CF9B7E881FEEF33C008DDA2A /* Base */,
			);
			name = LaunchScreen.storyboard;
			sourceTree = "<group>";
		};
/* End PBXVariantGroup section */

/* Begin XCBuildConfiguration section */
		CF9B7E8B1FEEF33C008DDA2A /* Debug */ = {
			isa = XCBuildConfiguration;
			buildSettings = {
				ALWAYS_SEARCH_USER_PATHS = NO;
				CLANG_ANALYZER_NONNULL = YES;
				CLANG_ANALYZER_NUMBER_OBJECT_CONVERSION = YES_AGGRESSIVE;
				CLANG_CXX_LANGUAGE_STANDARD = "gnu++14";
				CLANG_CXX_LIBRARY = "libc++";
				CLANG_ENABLE_MODULES = YES;
				CLANG_ENABLE_OBJC_ARC = YES;
				CLANG_WARN_BLOCK_CAPTURE_AUTORELEASING = YES;
				CLANG_WARN_BOOL_CONVERSION = YES;
				CLANG_WARN_COMMA = YES;
				CLANG_WARN_CONSTANT_CONVERSION = YES;
				CLANG_WARN_DIRECT_OBJC_ISA_USAGE = YES_ERROR;
				CLANG_WARN_DOCUMENTATION_COMMENTS = YES;
				CLANG_WARN_EMPTY_BODY = YES;
				CLANG_WARN_ENUM_CONVERSION = YES;
				CLANG_WARN_INFINITE_RECURSION = YES;
				CLANG_WARN_INT_CONVERSION = YES;
				CLANG_WARN_NON_LITERAL_NULL_CONVERSION = YES;
				CLANG_WARN_OBJC_LITERAL_CONVERSION = YES;
				CLANG_WARN_OBJC_ROOT_CLASS = YES_ERROR;
				CLANG_WARN_RANGE_LOOP_ANALYSIS = YES;
				CLANG_WARN_STRICT_PROTOTYPES = YES;
				CLANG_WARN_SUSPICIOUS_MOVE = YES;
				CLANG_WARN_UNGUARDED_AVAILABILITY = YES_AGGRESSIVE;
				CLANG_WARN_UNREACHABLE_CODE = YES;
				CLANG_WARN__DUPLICATE_METHOD_MATCH = YES;
				CODE_SIGN_IDENTITY = "iPhone Developer";
				COPY_PHASE_STRIP = NO;
				DEBUG_INFORMATION_FORMAT = dwarf;
				ENABLE_STRICT_OBJC_MSGSEND = YES;
				ENABLE_TESTABILITY = YES;
				GCC_C_LANGUAGE_STANDARD = gnu11;
				GCC_DYNAMIC_NO_PIC = NO;
				GCC_NO_COMMON_BLOCKS = YES;
				GCC_OPTIMIZATION_LEVEL = 0;
				GCC_PREPROCESSOR_DEFINITIONS = (
					"DEBUG=1",
					"$(inherited)",
				);
				GCC_WARN_64_TO_32_BIT_CONVERSION = YES;
				GCC_WARN_ABOUT_RETURN_TYPE = YES_ERROR;
				GCC_WARN_UNDECLARED_SELECTOR = YES;
				GCC_WARN_UNINITIALIZED_AUTOS = YES_AGGRESSIVE;
				GCC_WARN_UNUSED_FUNCTION = YES;
				GCC_WARN_UNUSED_VARIABLE = YES;
				IPHONEOS_DEPLOYMENT_TARGET = 11.2;
				MTL_ENABLE_DEBUG_INFO = YES;
				ONLY_ACTIVE_ARCH = YES;
				SDKROOT = iphoneos;
				SWIFT_ACTIVE_COMPILATION_CONDITIONS = DEBUG;
				SWIFT_OPTIMIZATION_LEVEL = "-Onone";
			};
			name = Debug;
		};
		CF9B7E8C1FEEF33C008DDA2A /* Release */ = {
			isa = XCBuildConfiguration;
			buildSettings = {
				ALWAYS_SEARCH_USER_PATHS = NO;
				CLANG_ANALYZER_NONNULL = YES;
				CLANG_ANALYZER_NUMBER_OBJECT_CONVERSION = YES_AGGRESSIVE;
				CLANG_CXX_LANGUAGE_STANDARD = "gnu++14";
				CLANG_CXX_LIBRARY = "libc++";
				CLANG_ENABLE_MODULES = YES;
				CLANG_ENABLE_OBJC_ARC = YES;
				CLANG_WARN_BLOCK_CAPTURE_AUTORELEASING = YES;
				CLANG_WARN_BOOL_CONVERSION = YES;
				CLANG_WARN_COMMA = YES;
				CLANG_WARN_CONSTANT_CONVERSION = YES;
				CLANG_WARN_DIRECT_OBJC_ISA_USAGE = YES_ERROR;
				CLANG_WARN_DOCUMENTATION_COMMENTS = YES;
				CLANG_WARN_EMPTY_BODY = YES;
				CLANG_WARN_ENUM_CONVERSION = YES;
				CLANG_WARN_INFINITE_RECURSION = YES;
				CLANG_WARN_INT_CONVERSION = YES;
				CLANG_WARN_NON_LITERAL_NULL_CONVERSION = YES;
				CLANG_WARN_OBJC_LITERAL_CONVERSION = YES;
				CLANG_WARN_OBJC_ROOT_CLASS = YES_ERROR;
				CLANG_WARN_RANGE_LOOP_ANALYSIS = YES;
				CLANG_WARN_STRICT_PROTOTYPES = YES;
				CLANG_WARN_SUSPICIOUS_MOVE = YES;
				CLANG_WARN_UNGUARDED_AVAILABILITY = YES_AGGRESSIVE;
				CLANG_WARN_UNREACHABLE_CODE = YES;
				CLANG_WARN__DUPLICATE_METHOD_MATCH = YES;
				CODE_SIGN_IDENTITY = "iPhone Developer";
				COPY_PHASE_STRIP = NO;
				DEBUG_INFORMATION_FORMAT = "dwarf-with-dsym";
				ENABLE_NS_ASSERTIONS = NO;
				ENABLE_STRICT_OBJC_MSGSEND = YES;
				GCC_C_LANGUAGE_STANDARD = gnu11;
				GCC_NO_COMMON_BLOCKS = YES;
				GCC_WARN_64_TO_32_BIT_CONVERSION = YES;
				GCC_WARN_ABOUT_RETURN_TYPE = YES_ERROR;
				GCC_WARN_UNDECLARED_SELECTOR = YES;
				GCC_WARN_UNINITIALIZED_AUTOS = YES_AGGRESSIVE;
				GCC_WARN_UNUSED_FUNCTION = YES;
				GCC_WARN_UNUSED_VARIABLE = YES;
				IPHONEOS_DEPLOYMENT_TARGET = 11.2;
				MTL_ENABLE_DEBUG_INFO = NO;
				SDKROOT = iphoneos;
				SWIFT_OPTIMIZATION_LEVEL = "-Owholemodule";
				VALIDATE_PRODUCT = YES;
			};
			name = Release;
		};
		CF9B7E8E1FEEF33C008DDA2A /* Debug */ = {
			isa = XCBuildConfiguration;
			buildSettings = {
				ASSETCATALOG_COMPILER_APPICON_NAME = AppIcon;
				CODE_SIGN_STYLE = Automatic;
				DEVELOPMENT_TEAM = W5P6L2VAQ4;
				INFOPLIST_FILE = Countries/Info.plist;
				LD_RUNPATH_SEARCH_PATHS = "$(inherited) @executable_path/Frameworks";
				PRODUCT_BUNDLE_IDENTIFIER = me.ponkratenko.testapp.Countries;
				PRODUCT_NAME = "$(TARGET_NAME)";
				SWIFT_VERSION = 4.0;
				TARGETED_DEVICE_FAMILY = 1;
			};
			name = Debug;
		};
		CF9B7E8F1FEEF33C008DDA2A /* Release */ = {
			isa = XCBuildConfiguration;
			buildSettings = {
				ASSETCATALOG_COMPILER_APPICON_NAME = AppIcon;
				CODE_SIGN_STYLE = Automatic;
				DEVELOPMENT_TEAM = W5P6L2VAQ4;
				INFOPLIST_FILE = Countries/Info.plist;
				LD_RUNPATH_SEARCH_PATHS = "$(inherited) @executable_path/Frameworks";
				PRODUCT_BUNDLE_IDENTIFIER = me.ponkratenko.testapp.Countries;
				PRODUCT_NAME = "$(TARGET_NAME)";
				SWIFT_VERSION = 4.0;
				TARGETED_DEVICE_FAMILY = 1;
			};
			name = Release;
		};
/* End XCBuildConfiguration section */

/* Begin XCConfigurationList section */
		CF9B7E761FEEF33C008DDA2A /* Build configuration list for PBXProject "Countries" */ = {
			isa = XCConfigurationList;
			buildConfigurations = (
				CF9B7E8B1FEEF33C008DDA2A /* Debug */,
				CF9B7E8C1FEEF33C008DDA2A /* Release */,
			);
			defaultConfigurationIsVisible = 0;
			defaultConfigurationName = Release;
		};
		CF9B7E8D1FEEF33C008DDA2A /* Build configuration list for PBXNativeTarget "Countries" */ = {
			isa = XCConfigurationList;
			buildConfigurations = (
				CF9B7E8E1FEEF33C008DDA2A /* Debug */,
				CF9B7E8F1FEEF33C008DDA2A /* Release */,
			);
			defaultConfigurationIsVisible = 0;
			defaultConfigurationName = Release;
		};
/* End XCConfigurationList section */
	};
	rootObject = CF9B7E731FEEF33C008DDA2A /* Project object */;
}
